
Microsoft Visual Studio Solution File, Format Version 12.00
# Visual Studio Version 17
VisualStudioVersion = 17.0.32112.339
MinimumVisualStudioVersion = 10.0.40219.1
Project("{FAE04EC0-301F-11D3-BF4B-00C04F79EFBC}") = "prjShoppingCar", "prjShoppingCar\prjShoppingCar.csproj", "{84365257-01E3-4A6F-8CEE-05C68E916D45}"
EndProject
Global
	GlobalSection(SolutionConfigurationPlatforms) = preSolution
		Debug|Any CPU = Debug|Any CPU
		Release|Any CPU = Release|Any CPU
	EndGlobalSection
	GlobalSection(ProjectConfigurationPlatforms) = postSolution
		{84365257-01E3-4A6F-8CEE-05C68E916D45}.Debug|Any CPU.ActiveCfg = Debug|Any CPU
		{84365257-01E3-4A6F-8CEE-05C68E916D45}.Debug|Any CPU.Build.0 = Debug|Any CPU
		{84365257-01E3-4A6F-8CEE-05C68E916D45}.Release|Any CPU.ActiveCfg = Release|Any CPU
		{84365257-01E3-4A6F-8CEE-05C68E916D45}.Release|Any CPU.Build.0 = Release|Any CPU
	EndGlobalSection
	GlobalSection(SolutionProperties) = preSolution
		HideSolutionNode = FALSE
	EndGlobalSection
	GlobalSection(ExtensibilityGlobals) = postSolution
		SolutionGuid = {C0730463-DBAE-4783-9A53-81D218B66FF3}
	EndGlobalSection
EndGlobal
